<Solution>
  <Folder Name="/src/">
    <Project Path="src/Marge.Cache/Marge.Cache.csproj" />
    <Project Path="src/Marge.Hasher/Marge.Hasher.csproj" />
    <Project Path="src/Marge.Optimiser/Marge.Optimiser.csproj" />
    <Project Path="src/Marge.Record/Marge.Data.csproj" />
    <Project Path="src/Marge/Marge.csproj" />
  </Folder>
</Solution>
